{
  "originHash" : "caa2f28a6b6cc7d125690a20f6ef2b75a7d8cf97301368321d1e583140717a50",
  "pins" : [
    {
      "identity" : "jfutils",
      "kind" : "remoteSourceControl",
      "location" : "https://github.com/iComputerfreak/JFUtils",
      "state" : {
        "revision" : "d5caf07bc0f575fc3737be598fa041cf7d11963f",
        "version" : "1.9.3"
      }
    },
    {
      "identity" : "swinject",
      "kind" : "remoteSourceControl",
      "location" : "https://github.com/Swinject/Swinject.git",
      "state" : {
        "revision" : "be9dbcc7b86811bc131539a20c6f9c2d3e56919f",
        "version" : "2.9.1"
      }
    }
  ],
  "version" : 3
}
