{
  "originHash" : "a5650c3461374c5de5110ea912e0f8baa95b6130033f10f732722d92f113901b",
  "pins" : [
    {
      "identity" : "jfutils",
      "kind" : "remoteSourceControl",
      "location" : "https://github.com/iComputerfreak/JFUtils",
      "state" : {
        "revision" : "0d7d840ad7444ca9383aae2fb2cac728d82018d1",
        "version" : "1.8.1"
      }
    },
    {
      "identity" : "swiftlintplugins",
      "kind" : "remoteSourceControl",
      "location" : "https://github.com/SimplyDanny/SwiftLintPlugins",
      "state" : {
        "revision" : "b8431a26655378581890d56b95a0b59aba9f62da",
        "version" : "0.55.1"
	},
	{
      "identity" : "swinject",
      "kind" : "remoteSourceControl",
      "location" : "https://github.com/Swinject/Swinject.git",
      "state" : {
        "revision" : "be9dbcc7b86811bc131539a20c6f9c2d3e56919f",
        "version" : "2.9.1"
      }
    }
  ],
  "version" : 3
}
